{
  "version": "3",
  "redirects": {
    "https://deno.land/x/ink/mod.ts": "https://deno.land/x/ink@1.3/mod.ts",
    "https://deno.land/x/jpegts/mod.ts": "https://deno.land/x/jpegts@1.1/mod.ts"
  },
  "remote": {
    "https://deno.land/std@0.205.0/assert/_constants.ts": "8a9da298c26750b28b326b297316cdde860bc237533b07e1337c021379e6b2a9",
    "https://deno.land/std@0.205.0/assert/_diff.ts": "58e1461cc61d8eb1eacbf2a010932bf6a05b79344b02ca38095f9b805795dc48",
    "https://deno.land/std@0.205.0/assert/_format.ts": "a69126e8a469009adf4cf2a50af889aca364c349797e63174884a52ff75cf4c7",
    "https://deno.land/std@0.205.0/assert/assert.ts": "9a97dad6d98c238938e7540736b826440ad8c1c1e54430ca4c4e623e585607ee",
    "https://deno.land/std@0.205.0/assert/assert_almost_equals.ts": "e15ca1f34d0d5e0afae63b3f5d975cbd18335a132e42b0c747d282f62ad2cd6c",
    "https://deno.land/std@0.205.0/assert/assert_array_includes.ts": "6856d7f2c3544bc6e62fb4646dfefa3d1df5ff14744d1bca19f0cbaf3b0d66c9",
    "https://deno.land/std@0.205.0/assert/assert_equals.ts": "d8ec8a22447fbaf2fc9d7c3ed2e66790fdb74beae3e482855d75782218d68227",
    "https://deno.land/std@0.205.0/assert/assert_exists.ts": "407cb6b9fb23a835cd8d5ad804e2e2edbbbf3870e322d53f79e1c7a512e2efd7",
    "https://deno.land/std@0.205.0/assert/assert_false.ts": "0ccbcaae910f52c857192ff16ea08bda40fdc79de80846c206bfc061e8c851c6",
    "https://deno.land/std@0.205.0/assert/assert_greater.ts": "ae2158a2d19313bf675bf7251d31c6dc52973edb12ac64ac8fc7064152af3e63",
    "https://deno.land/std@0.205.0/assert/assert_greater_or_equal.ts": "1439da5ebbe20855446cac50097ac78b9742abe8e9a43e7de1ce1426d556e89c",
    "https://deno.land/std@0.205.0/assert/assert_instance_of.ts": "3aedb3d8186e120812d2b3a5dea66a6e42bf8c57a8bd927645770bd21eea554c",
    "https://deno.land/std@0.205.0/assert/assert_is_error.ts": "c21113094a51a296ffaf036767d616a78a2ae5f9f7bbd464cd0197476498b94b",
    "https://deno.land/std@0.205.0/assert/assert_less.ts": "aec695db57db42ec3e2b62e97e1e93db0063f5a6ec133326cc290ff4b71b47e4",
    "https://deno.land/std@0.205.0/assert/assert_less_or_equal.ts": "5fa8b6a3ffa20fd0a05032fe7257bf985d207b85685fdbcd23651b70f928c848",
    "https://deno.land/std@0.205.0/assert/assert_match.ts": "c4083f80600bc190309903c95e397a7c9257ff8b5ae5c7ef91e834704e672e9b",
    "https://deno.land/std@0.205.0/assert/assert_not_equals.ts": "9f1acab95bd1f5fc9a1b17b8027d894509a745d91bac1718fdab51dc76831754",
    "https://deno.land/std@0.205.0/assert/assert_not_instance_of.ts": "0c14d3dfd9ab7a5276ed8ed0b18c703d79a3d106102077ec437bfe7ed912bd22",
    "https://deno.land/std@0.205.0/assert/assert_not_match.ts": "3796a5b0c57a1ce6c1c57883dd4286be13a26f715ea662318ab43a8491a13ab0",
    "https://deno.land/std@0.205.0/assert/assert_not_strict_equals.ts": "ca6c6d645e95fbc873d25320efeb8c4c6089a9a5e09f92d7c1c4b6e935c2a6ad",
    "https://deno.land/std@0.205.0/assert/assert_object_match.ts": "d8fc2867cfd92eeacf9cea621e10336b666de1874a6767b5ec48988838370b54",
    "https://deno.land/std@0.205.0/assert/assert_rejects.ts": "45c59724de2701e3b1f67c391d6c71c392363635aad3f68a1b3408f9efca0057",
    "https://deno.land/std@0.205.0/assert/assert_strict_equals.ts": "b1f538a7ea5f8348aeca261d4f9ca603127c665e0f2bbfeb91fa272787c87265",
    "https://deno.land/std@0.205.0/assert/assert_string_includes.ts": "b821d39ebf5cb0200a348863c86d8c4c4b398e02012ce74ad15666fc4b631b0c",
    "https://deno.land/std@0.205.0/assert/assert_throws.ts": "63784e951475cb7bdfd59878cd25a0931e18f6dc32a6077c454b2cd94f4f4bcd",
    "https://deno.land/std@0.205.0/assert/assertion_error.ts": "4d0bde9b374dfbcbe8ac23f54f567b77024fb67dbb1906a852d67fe050d42f56",
    "https://deno.land/std@0.205.0/assert/equal.ts": "9f1a46d5993966d2596c44e5858eec821859b45f783a5ee2f7a695dfc12d8ece",
    "https://deno.land/std@0.205.0/assert/fail.ts": "c36353d7ae6e1f7933d45f8ea51e358c8c4b67d7e7502028598fe1fea062e278",
    "https://deno.land/std@0.205.0/assert/mod.ts": "37c49a26aae2b254bbe25723434dc28cd7532e444cf0b481a97c045d110ec085",
    "https://deno.land/std@0.205.0/assert/unimplemented.ts": "d56fbeecb1f108331a380f72e3e010a1f161baa6956fd0f7cf3e095ae1a4c75a",
    "https://deno.land/std@0.205.0/assert/unreachable.ts": "4600dc0baf7d9c15a7f7d234f00c23bca8f3eba8b140286aaca7aa998cf9a536",
    "https://deno.land/std@0.205.0/collections/_unstable_binary_search_node.ts": "8d99dd95901d73a0edbe105826ef7ce0e1111ce184d2d0410dbfda172c9ebf35",
    "https://deno.land/std@0.205.0/collections/_unstable_red_black_node.ts": "62eb878fff714fdb4eb2e16165336618c443b2a09a904fd42c4ea895dadfadc3",
    "https://deno.land/std@0.205.0/collections/_utils.ts": "5114abc026ddef71207a79609b984614e66a63a4bda17d819d56b0e72c51527e",
    "https://deno.land/std@0.205.0/collections/aggregate_groups.ts": "2ed1698695e7b4877afa2281ad10ce3ce67395aa7479e98cc2ebb751add1c4e9",
    "https://deno.land/std@0.205.0/collections/associate_by.ts": "64869182eeed3be9222137d071224ac6a01bcc3c5236610306f99e3e3107ec47",
    "https://deno.land/std@0.205.0/collections/associate_with.ts": "cf9735d7b4d345275fd3b7420eaba9726a2844e847f2d9e4be9f103f6f3e2c8b",
    "https://deno.land/std@0.205.0/collections/binary_heap.ts": "5cba2b4b79aa42c775e4e881a5726f40d9f0e3920e69dfde1c92d6c2c6928f8f",
    "https://deno.land/std@0.205.0/collections/binary_search_tree.ts": "fb4508db4be63cbde1f4886abbc2482b4212adea89d8e9f608f9671f726cc059",
    "https://deno.land/std@0.205.0/collections/chunk.ts": "f82c52a82ad9338018570c42f6de0fb132fcb14914c31a444e360ac104d7b55b",
    "https://deno.land/std@0.205.0/collections/deep_merge.ts": "9db788ba56cb05b65c77166b789e58e125dff159b7f41bf4d19dc1cba19ecb8b",
    "https://deno.land/std@0.205.0/collections/distinct.ts": "01595bd8e608a5e2de8a8631055587e6f01d68861e463eef34f8e295713500b8",
    "https://deno.land/std@0.205.0/collections/distinct_by.ts": "3afe11d81eafb30c7c9dbf568d94357f3d88153292c00671b72cd695deae6602",
    "https://deno.land/std@0.205.0/collections/drop_last_while.ts": "03dd8c55c362efea4f2738b93f102d7487f68beff7b4e4ed67495046b3fe1e4c",
    "https://deno.land/std@0.205.0/collections/drop_while.ts": "74cfa9d6b74b3503d5dc70c8ab96af21e7cb2eaff8b9f11aca2aca403e56aeae",
    "https://deno.land/std@0.205.0/collections/filter_entries.ts": "77d3f0b3dddcb43e92fc745dd66d01b4922d0eff2a3e2bd25d9d826889f203d8",
    "https://deno.land/std@0.205.0/collections/filter_keys.ts": "a29cfe8730ddb54e9e071ea45e8a82e166c7629d18675652def70c1bf80e2ef6",
    "https://deno.land/std@0.205.0/collections/filter_values.ts": "16e1fc456a7969e770ec5b89edf5ac97b295ca534b47c1a83f061b409aad7814",
    "https://deno.land/std@0.205.0/collections/find_single.ts": "d941876fbec0c1d8b7f41a52f8c1b03198c5695dfaa8d7a12e7a6317d2e6085b",
    "https://deno.land/std@0.205.0/collections/first_not_nullish_of.ts": "08d92c4f9c66ff1b1f64a48fa7c1e557e3e6d43f48a46d53a98c3383041b98ae",
    "https://deno.land/std@0.205.0/collections/group_by.ts": "f90f483598b38f0174f946589f3af25b1c3cf89d4f3b14d4f0fbe3aaaca0abdd",
    "https://deno.land/std@0.205.0/collections/includes_value.ts": "8284a0b3178465b6565d234c1995117320b248dbcff332f77c5e891a11459e0c",
    "https://deno.land/std@0.205.0/collections/intersect.ts": "0b4924e2aceaddd5e55591bd9d648cf75745151795ee8a76beddf4facec77548",
    "https://deno.land/std@0.205.0/collections/join_to_string.ts": "a487ccc99dbac988698cf5b7c6cc4bb50eefd1784042d0b958a77af413683fe0",
    "https://deno.land/std@0.205.0/collections/map_entries.ts": "282b0e5141fbe73a45903674597fb10ec2b211fab8cbac85874eebd97f522a62",
    "https://deno.land/std@0.205.0/collections/map_keys.ts": "3dd2cf3a940f1432628cb0252b919d268e8bb38fe8bcd78153a440909173ae98",
    "https://deno.land/std@0.205.0/collections/map_not_nullish.ts": "8793a340ca245664902a309ac02861b9eb01780f7b78aa5ad329da7d95e011ec",
    "https://deno.land/std@0.205.0/collections/map_values.ts": "c88f306b2b3ec84043e16ab4e1b062055ab32cf4d68bb1d7447afaafa0a1b3bf",
    "https://deno.land/std@0.205.0/collections/max_by.ts": "9d5940986aac51b2e4feaebef9cd8bf6e1eceeee5edcf3303e334b737f99520d",
    "https://deno.land/std@0.205.0/collections/max_of.ts": "aa29268f102159364bc296eea9f45b0d4f1b041ae9d0037c3dce1c43e21e30be",
    "https://deno.land/std@0.205.0/collections/max_with.ts": "252fe7788b6dfcf30cf8c4138cf9bae006a5d545408064ff520293ff0e2fe304",
    "https://deno.land/std@0.205.0/collections/min_by.ts": "0fcf1973e8e309da83070dc22def47f468e410d7da462a294c5513ae2c5d6479",
    "https://deno.land/std@0.205.0/collections/min_of.ts": "7f2b64620f4f54b75badddfac17e0a84660457233d0921b4c9d9ab31bd3323a8",
    "https://deno.land/std@0.205.0/collections/min_with.ts": "ecca4ba5da922fb4b1be515949c59f287e580166985f2b12ee711f768004b33f",
    "https://deno.land/std@0.205.0/collections/mod.ts": "c745508c522ecaf9fe4717850a2c6e1e13fd175847f0ae4d2c99d2033095879c",
    "https://deno.land/std@0.205.0/collections/partition.ts": "28336d4af97eb8a2a2c3ec4ce28597e657e724be5969417eb697ff0860b9711c",
    "https://deno.land/std@0.205.0/collections/partition_entries.ts": "7a30b99b64a31af8e9d6da24239f7778b1cff9cd2f240f41aa2f535d647d54f9",
    "https://deno.land/std@0.205.0/collections/permutations.ts": "3e3a9d7a8cc806a9ce9ae8fb0c7f3d37d884b3c7429fcaca4bc5d177d92d8217",
    "https://deno.land/std@0.205.0/collections/reduce_groups.ts": "0cbb29ec3281f457dd1bd653c4420cef0a92544b51f31f5ae047436ff01712a2",
    "https://deno.land/std@0.205.0/collections/running_reduce.ts": "e25f165456b946e7689a27e0e7fbb2f53d8189ef7cd0937b903e737bd37bacc6",
    "https://deno.land/std@0.205.0/collections/sample.ts": "6330fb6567573b252a2ed9da475e54c4b98ca06e6266d34e5f0392095020c86b",
    "https://deno.land/std@0.205.0/collections/sliding_windows.ts": "d1c8d18d86b8f02b407379e8681881880b7e3e173d152c5d8dc89d458031b740",
    "https://deno.land/std@0.205.0/collections/sort_by.ts": "1207755af756a5da04bebff39146c93cbe54f7870a5d67cf6922e871d96a01d5",
    "https://deno.land/std@0.205.0/collections/sum_of.ts": "76db7f04a66bdfa4911c4a592b868c854c690d6f0f83140c315f70caf742c761",
    "https://deno.land/std@0.205.0/collections/take_last_while.ts": "9adcfe94a3dd56fbd55951099a121267aa42d8ccbc8152ed3aa210f86c74ca57",
    "https://deno.land/std@0.205.0/collections/take_while.ts": "cd9a494d56e6a0a9c3f1e1123d1370633f0d4c6525ccf8aa3bd00b006742bddf",
    "https://deno.land/std@0.205.0/collections/union.ts": "0577babef67dd38dc584accbcf75605318346046fe4ff476f0f6e2a1b1092391",
    "https://deno.land/std@0.205.0/collections/unstable_binary_heap.ts": "c009225d9f9d93e9cd963565186b2d6cdf3fb8404b3ca0c94b4f15c85031d5fe",
    "https://deno.land/std@0.205.0/collections/unstable_binary_search_tree.ts": "d9b4817c9af5b5ec1051345bc56bc0a88e03fb726b66eb27c0072860c0f44e34",
    "https://deno.land/std@0.205.0/collections/unstable_comparators.ts": "fa7f9a44cea1d270098a2a5a6f8bb30c61b595c1b1f983bd67c6297d766adffa",
    "https://deno.land/std@0.205.0/collections/unstable_red_black_tree.ts": "740b6baf26fd8d90564641d0ea15c2aba6b16071a2b91c314909d171649f57b4",
    "https://deno.land/std@0.205.0/collections/unzip.ts": "3d3469c616b04200ff6a883e0d6dc82cac4c205aa65742e375afb8816be75b35",
    "https://deno.land/std@0.205.0/collections/without_all.ts": "1e3cccb1ed0659455b473c0766d9414b7710d8cef48862c899f445178f66b779",
    "https://deno.land/std@0.205.0/collections/zip.ts": "d5def5cf3a0a3fa167956b7eb2ebdc3aca63a41f7ebdfac8c0d1c44fa0dd588d",
    "https://deno.land/std@0.205.0/fmt/colors.ts": "c51c4642678eb690dcf5ffee5918b675bf01a33fba82acf303701ae1a4f8c8d9"
  }
}
